
Microsoft Visual Studio Solution File, Format Version 12.00
# Visual Studio Version 16
VisualStudioVersion = 16.0.31205.134
MinimumVisualStudioVersion = 10.0.40219.1
Project("{FAE04EC0-301F-11D3-BF4B-00C04F79EFBC}") = "Practica", "Practica.csproj", "{CA526632-56DD-4CAE-85DF-18E608C692BE}"
EndProject
Global
	GlobalSection(SolutionConfigurationPlatforms) = preSolution
		Debug|Any CPU = Debug|Any CPU
		Release|Any CPU = Release|Any CPU
	EndGlobalSection
	GlobalSection(ProjectConfigurationPlatforms) = postSolution
		{CA526632-56DD-4CAE-85DF-18E608C692BE}.Debug|Any CPU.ActiveCfg = Debug|Any CPU
		{CA526632-56DD-4CAE-85DF-18E608C692BE}.Debug|Any CPU.Build.0 = Debug|Any CPU
		{CA526632-56DD-4CAE-85DF-18E608C692BE}.Release|Any CPU.ActiveCfg = Release|Any CPU
		{CA526632-56DD-4CAE-85DF-18E608C692BE}.Release|Any CPU.Build.0 = Release|Any CPU
	EndGlobalSection
	GlobalSection(SolutionProperties) = preSolution
		HideSolutionNode = FALSE
	EndGlobalSection
	GlobalSection(ExtensibilityGlobals) = postSolution
		SolutionGuid = {010DCF27-64D8-4E7E-ADD9-085847085BA6}
	EndGlobalSection
EndGlobal
